
Microsoft Visual Studio Solution File, Format Version 12.00
# Visual Studio Version 16
VisualStudioVersion = 16.0.31424.327
MinimumVisualStudioVersion = 10.0.40219.1
Project("{FAE04EC0-301F-11D3-BF4B-00C04F79EFBC}") = "BlazorTest.Server", "BlazorTest\Server\BlazorTest.Server.csproj", "{F93FA747-E8A2-4454-A79D-6A72ED95FC56}"
EndProject
Project("{FAE04EC0-301F-11D3-BF4B-00C04F79EFBC}") = "BlazorTest.Client", "BlazorTest\Client\BlazorTest.Client.csproj", "{55186594-5572-4CB0-83EB-DEAB175419C7}"
EndProject
Project("{FAE04EC0-301F-11D3-BF4B-00C04F79EFBC}") = "BlazorTest.Shared", "BlazorTest\Shared\BlazorTest.Shared.csproj", "{170BAD31-E1A1-4541-A479-62A12280A9BE}"
EndProject
Project("{FAE04EC0-301F-11D3-BF4B-00C04F79EFBC}") = "Tests", "Tests\Tests.csproj", "{A34787D6-214A-4836-BAB9-15CC53917EE5}"
EndProject
Global
	GlobalSection(SolutionConfigurationPlatforms) = preSolution
		Debug|Any CPU = Debug|Any CPU
		Release|Any CPU = Release|Any CPU
	EndGlobalSection
	GlobalSection(ProjectConfigurationPlatforms) = postSolution
		{F93FA747-E8A2-4454-A79D-6A72ED95FC56}.Debug|Any CPU.ActiveCfg = Debug|Any CPU
		{F93FA747-E8A2-4454-A79D-6A72ED95FC56}.Debug|Any CPU.Build.0 = Debug|Any CPU
		{F93FA747-E8A2-4454-A79D-6A72ED95FC56}.Release|Any CPU.ActiveCfg = Release|Any CPU
		{F93FA747-E8A2-4454-A79D-6A72ED95FC56}.Release|Any CPU.Build.0 = Release|Any CPU
		{55186594-5572-4CB0-83EB-DEAB175419C7}.Debug|Any CPU.ActiveCfg = Debug|Any CPU
		{55186594-5572-4CB0-83EB-DEAB175419C7}.Debug|Any CPU.Build.0 = Debug|Any CPU
		{55186594-5572-4CB0-83EB-DEAB175419C7}.Release|Any CPU.ActiveCfg = Release|Any CPU
		{55186594-5572-4CB0-83EB-DEAB175419C7}.Release|Any CPU.Build.0 = Release|Any CPU
		{170BAD31-E1A1-4541-A479-62A12280A9BE}.Debug|Any CPU.ActiveCfg = Debug|Any CPU
		{170BAD31-E1A1-4541-A479-62A12280A9BE}.Debug|Any CPU.Build.0 = Debug|Any CPU
		{170BAD31-E1A1-4541-A479-62A12280A9BE}.Release|Any CPU.ActiveCfg = Release|Any CPU
		{170BAD31-E1A1-4541-A479-62A12280A9BE}.Release|Any CPU.Build.0 = Release|Any CPU
		{A34787D6-214A-4836-BAB9-15CC53917EE5}.Debug|Any CPU.ActiveCfg = Debug|Any CPU
		{A34787D6-214A-4836-BAB9-15CC53917EE5}.Debug|Any CPU.Build.0 = Debug|Any CPU
		{A34787D6-214A-4836-BAB9-15CC53917EE5}.Release|Any CPU.ActiveCfg = Release|Any CPU
		{A34787D6-214A-4836-BAB9-15CC53917EE5}.Release|Any CPU.Build.0 = Release|Any CPU
	EndGlobalSection
	GlobalSection(SolutionProperties) = preSolution
		HideSolutionNode = FALSE
	EndGlobalSection
	GlobalSection(ExtensibilityGlobals) = postSolution
		SolutionGuid = {FFB70B24-0649-47BF-9C1A-F16AD957457F}
	EndGlobalSection
EndGlobal
